{
  "version": 4,
  "terraform_version": "1.3.7",
  "serial": 1,
  "lineage": "ecc634e6-c6c1-ee82-3c69-a51452471b2a",
  "outputs": {},
  "resources": [
    {
      "mode": "managed",
      "type": "aws_sfn_state_machine",
      "name": "sfn-state-machine",
      "provider": "provider[\"registry.terraform.io/hashicorp/aws\"]",
      "instances": [
        {
          "schema_version": 0,
          "attributes": {
            "arn": "arn:aws:states:ap-south-1:721767314185:stateMachine:tf-step-function",
            "creation_date": "2023-02-13T07:29:28Z",
            "definition": "{\r\n  \"Comment\": \"A description of my state machine\",\r\n  \"StartAt\": \"ProcessTransaction\",\r\n  \"States\": {\r\n    \"ProcessTransaction\": {\r\n      \"Type\": \"Choice\",\r\n      \"Choices\": [\r\n        {\r\n          \"Variable\": \"$.TransactionType\",\r\n          \"StringEquals\": \"PURCHASE\",\r\n          \"Next\": \"ProcessPurchase\"\r\n        },\r\n        {\r\n          \"Variable\": \"$.TransactionType\",\r\n          \"StringEquals\": \"REFUND\",\r\n          \"Next\": \"ProcessRefund\"\r\n        }\r\n      ]\r\n    },\r\n    \"ProcessPurchase\": {\r\n      \"Type\": \"Task\",\r\n      \"Resource\": \"arn:aws:lambda:ap-south-1:721767314185:function:purchase-function\",\r\n      \"End\": true\r\n    },\r\n    \"ProcessRefund\": {\r\n      \"Type\": \"Task\",\r\n      \"Resource\": \"arn:aws:lambda:ap-south-1:721767314185:function:refund-function\",\r\n      \"End\": true\r\n    }\r\n  }\r\n}\r\n",
            "id": "arn:aws:states:ap-south-1:721767314185:stateMachine:tf-step-function",
            "logging_configuration": [
              {
                "include_execution_data": false,
                "level": "OFF",
                "log_destination": ""
              }
            ],
            "name": "tf-step-function",
            "name_prefix": "",
            "role_arn": "arn:aws:iam::721767314185:role/step-function-execute",
            "status": "ACTIVE",
            "tags": null,
            "tags_all": {},
            "tracing_configuration": [
              {
                "enabled": false
              }
            ],
            "type": "STANDARD"
          },
          "sensitive_attributes": [],
          "private": "bnVsbA=="
        }
      ]
    }
  ],
  "check_results": null
}
