{
  "version": 4,
  "terraform_version": "1.3.7",
  "serial": 25,
  "lineage": "b4b1384a-51fe-01c9-56c4-8c19e75b64a3",
  "outputs": {},
  "resources": [
    {
      "mode": "managed",
      "type": "aws_cloudwatch_event_bus",
      "name": "messenger",
      "provider": "provider[\"registry.terraform.io/hashicorp/aws\"]",
      "instances": [
        {
          "schema_version": 0,
          "attributes": {
            "arn": "arn:aws:events:ap-south-1:721767314185:event-bus/custom-bus",
            "event_source_name": null,
            "id": "custom-bus",
            "name": "custom-bus",
            "tags": null,
            "tags_all": {}
          },
          "sensitive_attributes": [],
          "private": "bnVsbA=="
        }
      ]
    },
    {
      "mode": "managed",
      "type": "aws_cloudwatch_event_rule",
      "name": "tf-rule",
      "provider": "provider[\"registry.terraform.io/hashicorp/aws\"]",
      "instances": [
        {
          "schema_version": 0,
          "attributes": {
            "arn": "arn:aws:events:ap-south-1:721767314185:rule/custom-bus/married-rule",
            "description": "trigger lambda",
            "event_bus_name": "custom-bus",
            "event_pattern": "{\"detail\":{\"married\":[\"true\"]}}",
            "id": "custom-bus/married-rule",
            "is_enabled": true,
            "name": "married-rule",
            "name_prefix": "",
            "role_arn": "",
            "schedule_expression": "",
            "tags": null,
            "tags_all": {}
          },
          "sensitive_attributes": [],
          "private": "bnVsbA==",
          "dependencies": [
            "aws_cloudwatch_event_bus.messenger"
          ]
        }
      ]
    }
  ],
  "check_results": null
}
